
Microsoft Visual Studio Solution File, Format Version 11.00
# Visual Studio 2010
Project("{54435603-DBB4-11D2-8724-00A0C9A8B90C}") = "MaestroInstaller", "MaestroInstaller.vdproj", "{0D537CEC-45C9-463E-B8DB-5136A983C0F6}"
EndProject
Global
	GlobalSection(SolutionConfigurationPlatforms) = preSolution
		Release|Default = Release|Default
	EndGlobalSection
	GlobalSection(ProjectConfigurationPlatforms) = postSolution
		{0D537CEC-45C9-463E-B8DB-5136A983C0F6}.Release|Default.ActiveCfg = Release
		{0D537CEC-45C9-463E-B8DB-5136A983C0F6}.Release|Default.Build.0 = Release
	EndGlobalSection
	GlobalSection(SolutionProperties) = preSolution
		HideSolutionNode = FALSE
	EndGlobalSection
EndGlobal
