
Microsoft Visual Studio Solution File, Format Version 11.00
# Visual Studio 2010
Project("{54435603-DBB4-11D2-8724-00A0C9A8B90C}") = "AbcPlayerInstaller", "AbcPlayerInstaller.vdproj", "{3300EAC0-3426-4627-8C76-1DB4C7C1BDF4}"
EndProject
Global
	GlobalSection(SolutionConfigurationPlatforms) = preSolution
		Release|Default = Release|Default
	EndGlobalSection
	GlobalSection(ProjectConfigurationPlatforms) = postSolution
		{3300EAC0-3426-4627-8C76-1DB4C7C1BDF4}.Release|Default.ActiveCfg = Release
		{3300EAC0-3426-4627-8C76-1DB4C7C1BDF4}.Release|Default.Build.0 = Release
	EndGlobalSection
	GlobalSection(SolutionProperties) = preSolution
		HideSolutionNode = FALSE
	EndGlobalSection
EndGlobal
